
Microsoft Visual Studio Solution File, Format Version 12.00
# Visual Studio 15
VisualStudioVersion = 15.0.28307.421
MinimumVisualStudioVersion = 10.0.40219.1
Project("{FAE04EC0-301F-11D3-BF4B-00C04F79EFBC}") = "732136", "732136\732136.csproj", "{8D310F7F-45BB-4270-88F1-8E6B8E441DBA}"
EndProject
Global
	GlobalSection(SolutionConfigurationPlatforms) = preSolution
		Debug|Any CPU = Debug|Any CPU
		Release|Any CPU = Release|Any CPU
	EndGlobalSection
	GlobalSection(ProjectConfigurationPlatforms) = postSolution
		{8D310F7F-45BB-4270-88F1-8E6B8E441DBA}.Debug|Any CPU.ActiveCfg = Debug|Any CPU
		{8D310F7F-45BB-4270-88F1-8E6B8E441DBA}.Debug|Any CPU.Build.0 = Debug|Any CPU
		{8D310F7F-45BB-4270-88F1-8E6B8E441DBA}.Release|Any CPU.ActiveCfg = Release|Any CPU
		{8D310F7F-45BB-4270-88F1-8E6B8E441DBA}.Release|Any CPU.Build.0 = Release|Any CPU
	EndGlobalSection
	GlobalSection(SolutionProperties) = preSolution
		HideSolutionNode = FALSE
	EndGlobalSection
	GlobalSection(ExtensibilityGlobals) = postSolution
		SolutionGuid = {644987A8-C6A3-49C2-9306-0FAA4F982C8D}
	EndGlobalSection
EndGlobal
